
Microsoft Visual Studio Solution File, Format Version 12.00
# Visual Studio Version 17
VisualStudioVersion = 17.0.32126.317
MinimumVisualStudioVersion = 10.0.40219.1
Project("{FAE04EC0-301F-11D3-BF4B-00C04F79EFBC}") = "LinkedListProgram", "LinkedListProgram.csproj", "{A821AA3F-B153-4274-ABF1-220D191275A0}"
EndProject
Global
	GlobalSection(SolutionConfigurationPlatforms) = preSolution
		Debug|Any CPU = Debug|Any CPU
		Release|Any CPU = Release|Any CPU
	EndGlobalSection
	GlobalSection(ProjectConfigurationPlatforms) = postSolution
		{A821AA3F-B153-4274-ABF1-220D191275A0}.Debug|Any CPU.ActiveCfg = Debug|Any CPU
		{A821AA3F-B153-4274-ABF1-220D191275A0}.Debug|Any CPU.Build.0 = Debug|Any CPU
		{A821AA3F-B153-4274-ABF1-220D191275A0}.Release|Any CPU.ActiveCfg = Release|Any CPU
		{A821AA3F-B153-4274-ABF1-220D191275A0}.Release|Any CPU.Build.0 = Release|Any CPU
	EndGlobalSection
	GlobalSection(SolutionProperties) = preSolution
		HideSolutionNode = FALSE
	EndGlobalSection
	GlobalSection(ExtensibilityGlobals) = postSolution
		SolutionGuid = {E3D670E5-FB6E-4DCA-9D97-376722E34965}
	EndGlobalSection
EndGlobal
